{
  "name": "zhenlige.github.io",
  "lockfileVersion": 3,
  "requires": true,
  "packages": {
    "": {
      "dependencies": {
        "@codemirror/lang-javascript": "^6.2.5",
        "@rollup/plugin-node-resolve": "^16.0.3",
        "codemirror": "^6.0.2"
      }
    },
    "node_modules/@codemirror/autocomplete": {
      "version": "6.20.3",
      "resolved": "https://registry.npmjs.org/@codemirror/autocomplete/-/autocomplete-6.20.3.tgz",
      "integrity": "sha512-tlosUqb+3BbxCxZdu4tKeRghPFC+QM7q4X5YhKV2eCmPG+1r2F3f4AaSz5sCrFqUtX4Jh20VFTKecl16MgiV9g==",
      "license": "MIT",
      "dependencies": {
        "@codemirror/language": "^6.0.0",
        "@codemirror/state": "^6.0.0",
        "@codemirror/view": "^6.17.0",
        "@lezer/common": "^1.0.0"
      }
    },
    "node_modules/@codemirror/commands": {
      "version": "6.11.1",
      "resolved": "https://registry.npmjs.org/@codemirror/commands/-/commands-6.11.1.tgz",
      "integrity": "sha512-O/4hG3SC1YwcmQ0d2UVNDs+AsaNWd1iHVxbTeEBuqH+6bExAiPK3iS/BvpY6rZGURALv4ZD3sIgcCmRvw3ehBg==",
      "license": "MIT",
      "dependencies": {
        "@codemirror/language": "^6.0.0",
        "@codemirror/state": "^6.7.0",
        "@codemirror/view": "^6.27.0",
        "@lezer/common": "^1.1.0"
      }
    },
    "node_modules/@codemirror/lang-javascript": {
      "version": "6.2.5",
      "resolved": "https://registry.npmjs.org/@codemirror/lang-javascript/-/lang-javascript-6.2.5.tgz",
      "integrity": "sha512-zD4e5mS+50htS7F+TYjBPsiIFGanfVqg4HyUz6WNFikgOPf2BgKlx+TQedI1w6n/IqRBVBbBWmGFdLB/7uxO4A==",
      "license": "MIT",
      "dependencies": {
        "@codemirror/autocomplete": "^6.0.0",
        "@codemirror/language": "^6.6.0",
        "@codemirror/lint": "^6.0.0",
        "@codemirror/state": "^6.0.0",
        "@codemirror/view": "^6.17.0",
        "@lezer/common": "^1.0.0",
        "@lezer/javascript": "^1.0.0"
      }
    },
    "node_modules/@codemirror/language": {
      "version": "6.12.4",
      "resolved": "https://registry.npmjs.org/@codemirror/language/-/language-6.12.4.tgz",
      "integrity": "sha512-1q4PaT+o6PbgpkJt4Q8Fv5XJxTy4FUZ4MWETtyiDw3J0Pyr9E2vqcKL+k9wcvjNTIsauxvE7OfmWj3FRPHQ76A==",
      "license": "MIT",
      "dependencies": {
        "@codemirror/state": "^6.0.0",
        "@codemirror/view": "^6.23.0",
        "@lezer/common": "^1.5.0",
        "@lezer/highlight": "^1.0.0",
        "@lezer/lr": "^1.0.0",
        "style-mod": "^4.0.0"
      }
    },
    "node_modules/@codemirror/lint": {
      "version": "6.9.7",
      "resolved": "https://registry.npmjs.org/@codemirror/lint/-/lint-6.9.7.tgz",
      "integrity": "sha512-28/+iWLYxKxsvGYhSYL7zaCZqLz5+FFFDq9tVsvGv9kv8RY4fFAchJ5WX9M3YrrRlTIsECjsXPqeNgnSmNP2dg==",
      "license": "MIT",
      "dependencies": {
        "@codemirror/state": "^6.0.0",
        "@codemirror/view": "^6.42.0",
        "crelt": "^1.0.5"
      }
    },
    "node_modules/@codemirror/search": {
      "version": "6.7.2",
      "resolved": "https://registry.npmjs.org/@codemirror/search/-/search-6.7.2.tgz",
      "integrity": "sha512-gUYkYhT2+n/+VGZ+8EzE5WFkYZUZYm1VOKDudIsNqh42uRVQJ0a6Yss9sdKT3MeOYfuL1N6AZA57oza0Oyr0LA==",
      "license": "MIT",
      "dependencies": {
        "@codemirror/state": "^6.0.0",
        "@codemirror/view": "^6.37.0",
        "crelt": "^1.0.5"
      }
    },
    "node_modules/@codemirror/state": {
      "version": "6.7.6",
      "resolved": "https://registry.npmjs.org/@codemirror/state/-/state-6.7.6.tgz",
      "integrity": "sha512-kAz+AncRtKuIknedxT1bq4XwXv4UowhbkHU1myPrtVb/jZtImWuV5BXzv5vK6i3kYACsdiZiQKFQQ5Mq7elW8w==",
      "license": "MIT",
      "dependencies": {
        "@marijn/find-cluster-break": "^1.0.0"
      }
    },
    "node_modules/@codemirror/view": {
      "version": "6.43.13",
      "resolved": "https://registry.npmjs.org/@codemirror/view/-/view-6.43.13.tgz",
      "integrity": "sha512-sihaFrUzAsYBQsL9J2t69y8nfMQGwcYmggAZsk+kjPbjYZMyuf2hU8tUNTZ+P+isb6XRr8JE22TZlJxBoVdH1A==",
      "license": "MIT",
      "dependencies": {
        "@codemirror/state": "^6.7.0",
        "crelt": "^1.0.6",
        "style-mod": "^4.1.0",
        "w3c-keyname": "^2.2.4"
      }
    },
    "node_modules/@lezer/common": {
      "version": "1.5.2",
      "resolved": "https://registry.npmjs.org/@lezer/common/-/common-1.5.2.tgz",
      "integrity": "sha512-sxQE460fPZyU3sdc8lafxiPwJHBzZRy/udNFynGQky1SePYBdhkBl1kOagA9uT3pxR8K09bOrmTUqA9wb/PjSQ==",
      "license": "MIT"
    },
    "node_modules/@lezer/highlight": {
      "version": "1.2.3",
      "resolved": "https://registry.npmjs.org/@lezer/highlight/-/highlight-1.2.3.tgz",
      "integrity": "sha512-qXdH7UqTvGfdVBINrgKhDsVTJTxactNNxLk7+UMwZhU13lMHaOBlJe9Vqp907ya56Y3+ed2tlqzys7jDkTmW0g==",
      "license": "MIT",
      "dependencies": {
        "@lezer/common": "^1.3.0"
      }
    },
    "node_modules/@lezer/javascript": {
      "version": "1.5.5",
      "resolved": "https://registry.npmjs.org/@lezer/javascript/-/javascript-1.5.5.tgz",
      "integrity": "sha512-sWg4yX1J6XW67AaAynVt0iwF0M5c+np36TEu+P2ifAJ8haRYvHnWDV28r1jdwnJehWCwXECutAUy56K4RBZIyg==",
      "license": "MIT",
      "dependencies": {
        "@lezer/common": "^1.2.0",
        "@lezer/highlight": "^1.1.3",
        "@lezer/lr": "^1.3.0"
      }
    },
    "node_modules/@lezer/lr": {
      "version": "1.4.10",
      "resolved": "https://registry.npmjs.org/@lezer/lr/-/lr-1.4.10.tgz",
      "integrity": "sha512-rnCpTIBafOx4mRp43xOxDJbFipJm/c0cia/V5TiGlhmMa+wsSdoGmUN3w5Bqrks/09Q/D4tNAmWaT8p6NRi77A==",
      "license": "MIT",
      "dependencies": {
        "@lezer/common": "^1.0.0"
      }
    },
    "node_modules/@marijn/find-cluster-break": {
      "version": "1.0.4",
      "resolved": "https://registry.npmjs.org/@marijn/find-cluster-break/-/find-cluster-break-1.0.4.tgz",
      "integrity": "sha512-Wy0V7+SGUjnF9/TkiM1hKVDPj7jKXduPNboMVtHTA8dySMURWqfg/JZ9E2Sq8JgSJmkl7k7Qe9FLeMSrSraWmQ==",
      "license": "MIT"
    },
    "node_modules/@rollup/plugin-node-resolve": {
      "version": "16.0.3",
      "resolved": "https://registry.npmjs.org/@rollup/plugin-node-resolve/-/plugin-node-resolve-16.0.3.tgz",
      "integrity": "sha512-lUYM3UBGuM93CnMPG1YocWu7X802BrNF3jW2zny5gQyLQgRFJhV1Sq0Zi74+dh/6NBx1DxFC4b4GXg9wUCG5Qg==",
      "license": "MIT",
      "dependencies": {
        "@rollup/pluginutils": "^5.0.1",
        "@types/resolve": "1.20.2",
        "deepmerge": "^4.2.2",
        "is-module": "^1.0.0",
        "resolve": "^1.22.1"
      },
      "engines": {
        "node": ">=14.0.0"
      },
      "peerDependencies": {
        "rollup": "^2.78.0||^3.0.0||^4.0.0"
      },
      "peerDependenciesMeta": {
        "rollup": {
          "optional": true
        }
      }
    },
    "node_modules/@rollup/pluginutils": {
      "version": "5.4.0",
      "resolved": "https://registry.npmjs.org/@rollup/pluginutils/-/pluginutils-5.4.0.tgz",
      "integrity": "sha512-MfPp06CjRLfXQ3wY0R8vJDYBy/MvVcc9OulEfR0B8Iv9ko+GCNaRZ+EpJYFl27LhKsZK0o420sYCRHCjfCgeUg==",
      "license": "MIT",
      "dependencies": {
        "@types/estree": "^1.0.0",
        "estree-walker": "^2.0.2",
        "picomatch": "^4.0.2"
      },
      "engines": {
        "node": ">=14.0.0"
      },
      "peerDependencies": {
        "rollup": "^1.20.0||^2.0.0||^3.0.0||^4.0.0"
      },
      "peerDependenciesMeta": {
        "rollup": {
          "optional": true
        }
      }
    },
    "node_modules/@types/estree": {
      "version": "1.0.9",
      "resolved": "https://registry.npmjs.org/@types/estree/-/estree-1.0.9.tgz",
      "integrity": "sha512-GhdPgy1el4/ImP05X05Uw4cw2/M93BCUmnEvWZNStlCzEKME4Fkk+YpoA5OiHNQmoS7Cafb8Xa3Pya8m1Qrzeg==",
      "license": "MIT"
    },
    "node_modules/@types/resolve": {
      "version": "1.20.2",
      "resolved": "https://registry.npmjs.org/@types/resolve/-/resolve-1.20.2.tgz",
      "integrity": "sha512-60BCwRFOZCQhDncwQdxxeOEEkbc5dIMccYLwbxsS4TUNeVECQ/pBJ0j09mrHOl/JJvpRPGwO9SvE4nR2Nb/a4Q==",
      "license": "MIT"
    },
    "node_modules/codemirror": {
      "version": "6.0.2",
      "resolved": "https://registry.npmjs.org/codemirror/-/codemirror-6.0.2.tgz",
      "integrity": "sha512-VhydHotNW5w1UGK0Qj96BwSk/Zqbp9WbnyK2W/eVMv4QyF41INRGpjUhFJY7/uDNuudSc33a/PKr4iDqRduvHw==",
      "license": "MIT",
      "dependencies": {
        "@codemirror/autocomplete": "^6.0.0",
        "@codemirror/commands": "^6.0.0",
        "@codemirror/language": "^6.0.0",
        "@codemirror/lint": "^6.0.0",
        "@codemirror/search": "^6.0.0",
        "@codemirror/state": "^6.0.0",
        "@codemirror/view": "^6.0.0"
      }
    },
    "node_modules/crelt": {
      "version": "1.0.7",
      "resolved": "https://registry.npmjs.org/crelt/-/crelt-1.0.7.tgz",
      "integrity": "sha512-aK6BbWfhf4U/wCcLHKPJl/xa6VkVstRaPywWtMKGwuOLc/wZTyQYuoxgvZnNsBvv7Kg3YTBQYYBCggcviQczuA==",
      "license": "MIT"
    },
    "node_modules/deepmerge": {
      "version": "4.3.1",
      "resolved": "https://registry.npmjs.org/deepmerge/-/deepmerge-4.3.1.tgz",
      "integrity": "sha512-3sUqbMEc77XqpdNO7FRyRog+eW3ph+GYCbj+rK+uYyRMuwsVy0rMiVtPn+QJlKFvWP/1PYpapqYn0Me2knFn+A==",
      "license": "MIT",
      "engines": {
        "node": ">=0.10.0"
      }
    },
    "node_modules/es-errors": {
      "version": "1.3.0",
      "resolved": "https://registry.npmjs.org/es-errors/-/es-errors-1.3.0.tgz",
      "integrity": "sha512-Zf5H2Kxt2xjTvbJvP2ZWLEICxA6j+hAmMzIlypy4xcBg1vKVnx89Wy0GbS+kf5cwCVFFzdCFh2XSCFNULS6csw==",
      "license": "MIT",
      "engines": {
        "node": ">= 0.4"
      }
    },
    "node_modules/estree-walker": {
      "version": "2.0.2",
      "resolved": "https://registry.npmjs.org/estree-walker/-/estree-walker-2.0.2.tgz",
      "integrity": "sha512-Rfkk/Mp/DL7JVje3u18FxFujQlTNR2q6QfMSMB7AvCBx91NGj/ba3kCfza0f6dVDbw7YlRf/nDrn7pQrCCyQ/w==",
      "license": "MIT"
    },
    "node_modules/function-bind": {
      "version": "1.1.2",
      "resolved": "https://registry.npmjs.org/function-bind/-/function-bind-1.1.2.tgz",
      "integrity": "sha512-7XHNxH7qX9xG5mIwxkhumTox/MIRNcOgDrxWsMt2pAr23WHp6MrRlN7FBSFpCpr+oVO0F744iUgR82nJMfG2SA==",
      "license": "MIT",
      "funding": {
        "url": "https://github.com/sponsors/ljharb"
      }
    },
    "node_modules/hasown": {
      "version": "2.0.4",
      "resolved": "https://registry.npmjs.org/hasown/-/hasown-2.0.4.tgz",
      "integrity": "sha512-T2UbfbBEF32wiepXIsMlTW9+dDYC6wMh/t/vYA4tuOMKqWz/n3vr1NFSxQiyP+zk2mXsoMA/i/7qV6LKut1t1A==",
      "license": "MIT",
      "dependencies": {
        "function-bind": "^1.1.2"
      },
      "engines": {
        "node": ">= 0.4"
      }
    },
    "node_modules/is-core-module": {
      "version": "2.17.0",
      "resolved": "https://registry.npmjs.org/is-core-module/-/is-core-module-2.17.0.tgz",
      "integrity": "sha512-J/vG0zBCbIKOQFfufSwyXdMrsohyJIUNkrnmo6WZGzoM7tr/lsbfW5b2BvisL6zsyMzK9UxV9L6c7AoFbyXHOA==",
      "license": "MIT",
      "dependencies": {
        "hasown": "^2.0.4"
      },
      "engines": {
        "node": ">= 0.4"
      },
      "funding": {
        "url": "https://github.com/sponsors/ljharb"
      }
    },
    "node_modules/is-module": {
      "version": "1.0.0",
      "resolved": "https://registry.npmjs.org/is-module/-/is-module-1.0.0.tgz",
      "integrity": "sha512-51ypPSPCoTEIN9dy5Oy+h4pShgJmPCygKfyRCISBI+JoWT/2oJvK8QPxmwv7b/p239jXrm9M1mlQbyKJ5A152g==",
      "license": "MIT"
    },
    "node_modules/path-parse": {
      "version": "1.0.7",
      "resolved": "https://registry.npmjs.org/path-parse/-/path-parse-1.0.7.tgz",
      "integrity": "sha512-LDJzPVEEEPR+y48z93A0Ed0yXb8pAByGWo/k5YYdYgpY2/2EsOsksJrq7lOHxryrVOn1ejG6oAp8ahvOIQD8sw==",
      "license": "MIT"
    },
    "node_modules/picomatch": {
      "version": "4.0.7",
      "resolved": "https://registry.npmjs.org/picomatch/-/picomatch-4.0.7.tgz",
      "integrity": "sha512-qcJu88Q2IWqJsDD529JKMdwGm/dvInW4HvQnRwiH9JtihJvzGOscDtHE3x1pBKeUOTysQ8kVmLnJ2kJu7yhcGA==",
      "license": "MIT",
      "engines": {
        "node": ">=12"
      },
      "funding": {
        "url": "https://github.com/sponsors/jonschlinkert"
      }
    },
    "node_modules/resolve": {
      "version": "1.22.12",
      "resolved": "https://registry.npmjs.org/resolve/-/resolve-1.22.12.tgz",
      "integrity": "sha512-TyeJ1zif53BPfHootBGwPRYT1RUt6oGWsaQr8UyZW/eAm9bKoijtvruSDEmZHm92CwS9nj7/fWttqPCgzep8CA==",
      "license": "MIT",
      "dependencies": {
        "es-errors": "^1.3.0",
        "is-core-module": "^2.16.1",
        "path-parse": "^1.0.7",
        "supports-preserve-symlinks-flag": "^1.0.0"
      },
      "bin": {
        "resolve": "bin/resolve"
      },
      "engines": {
        "node": ">= 0.4"
      },
      "funding": {
        "url": "https://github.com/sponsors/ljharb"
      }
    },
    "node_modules/style-mod": {
      "version": "4.1.4",
      "resolved": "https://registry.npmjs.org/style-mod/-/style-mod-4.1.4.tgz",
      "integrity": "sha512-XXWIQt633/EpAFx8aZDOTjBzrCaGmhvEQlQo6MVPfa2OzO2cWo+4hV9h+6UkHYlXGfy+ODXKUdP7Pthmcu5ATw==",
      "license": "MIT"
    },
    "node_modules/supports-preserve-symlinks-flag": {
      "version": "1.0.0",
      "resolved": "https://registry.npmjs.org/supports-preserve-symlinks-flag/-/supports-preserve-symlinks-flag-1.0.0.tgz",
      "integrity": "sha512-ot0WnXS9fgdkgIcePe6RHNk1WA8+muPa6cSjeR3V8K27q9BB1rTE3R1p7Hv0z1ZyAc8s6Vvv8DIyWf681MAt0w==",
      "license": "MIT",
      "engines": {
        "node": ">= 0.4"
      },
      "funding": {
        "url": "https://github.com/sponsors/ljharb"
      }
    },
    "node_modules/w3c-keyname": {
      "version": "2.2.8",
      "resolved": "https://registry.npmjs.org/w3c-keyname/-/w3c-keyname-2.2.8.tgz",
      "integrity": "sha512-dpojBhNsCNN7T82Tm7k26A6G9ML3NkhDsnw9n/eoxSRlVBB4CEtIQ/KTCLI2Fwf3ataSXRhYFkQi3SlnFwPvPQ==",
      "license": "MIT"
    }
  }
}
